
Microsoft Visual Studio Solution File, Format Version 12.00
# Visual Studio 15
VisualStudioVersion = 15.0.26228.4
MinimumVisualStudioVersion = 10.0.40219.1
Project("{8BC9CEB8-8B4A-11D0-8D11-00A0C91BC942}") = "Retia.Cuda", "Retia.Cuda\Retia.Cuda.vcxproj", "{33DEF350-DA8A-406C-A134-1324033E05B7}"
EndProject
Project("{8BC9CEB8-8B4A-11D0-8D11-00A0C91BC942}") = "Retia.Cuda.Tests", "Retia.Cuda.Tests\Retia.Cuda.Tests.vcxproj", "{F983F8DD-C402-4504-9CBA-391655C6ABE9}"
EndProject
Project("{FAE04EC0-301F-11D3-BF4B-00C04F79EFBC}") = "Retia.Contracts", "Retia.Contracts\Retia.Contracts.csproj", "{D9562091-9CAA-4B3E-92A1-746642339F1F}"
EndProject
Project("{8BC9CEB8-8B4A-11D0-8D11-00A0C91BC942}") = "Retia.NativeWrapper", "Retia.NativeWrapper\Retia.NativeWrapper.vcxproj", "{389882C7-2B2D-498F-8266-15519540FCCE}"
	ProjectSection(ProjectDependencies) = postProject
		{33DEF350-DA8A-406C-A134-1324033E05B7} = {33DEF350-DA8A-406C-A134-1324033E05B7}
		{D9562091-9CAA-4B3E-92A1-746642339F1F} = {D9562091-9CAA-4B3E-92A1-746642339F1F}
	EndProjectSection
EndProject
Project("{FAE04EC0-301F-11D3-BF4B-00C04F79EFBC}") = "Retia", "Retia\Retia.csproj", "{80608848-F915-434C-A22C-62A2BB9DE046}"
	ProjectSection(ProjectDependencies) = postProject
		{A2AC454D-1806-44A7-A36B-59DAB41000C4} = {A2AC454D-1806-44A7-A36B-59DAB41000C4}
		{389882C7-2B2D-498F-8266-15519540FCCE} = {389882C7-2B2D-498F-8266-15519540FCCE}
	EndProjectSection
EndProject
Project("{FAE04EC0-301F-11D3-BF4B-00C04F79EFBC}") = "Retia.Genetic", "Retia.Genetic\Retia.Genetic.csproj", "{6B721697-AAAE-465C-916F-17F7F06E78D3}"
EndProject
Project("{FAE04EC0-301F-11D3-BF4B-00C04F79EFBC}") = "Retia.Tests", "Retia.Tests\Retia.Tests.csproj", "{987EE651-9A46-4012-89E2-3D8E952A2A2C}"
EndProject
Project("{FAE04EC0-301F-11D3-BF4B-00C04F79EFBC}") = "LanguageModel", "Examples\LanguageModel\LanguageModel.csproj", "{F060879F-1DD8-4542-B916-14E6769BDDEA}"
EndProject
Project("{FAE04EC0-301F-11D3-BF4B-00C04F79EFBC}") = "Benchmark", "Benchmark\Benchmark.csproj", "{FC6BD609-9533-433C-AA94-25059417103D}"
EndProject
Project("{2150E333-8FDC-42A3-9474-1A3956D46DE8}") = "Solution Items", "Solution Items", "{4E0B3C8E-C2AB-4202-A6E3-CA2F5AA76BAD}"
	ProjectSection(SolutionItems) = preProject
		LICENCE = LICENCE
		Readme.md = Readme.md
	EndProjectSection
EndProject
Project("{8BC9CEB8-8B4A-11D0-8D11-00A0C91BC942}") = "FastFuncs", "FastFuncs\FastFuncs.vcxproj", "{A2AC454D-1806-44A7-A36B-59DAB41000C4}"
EndProject
Project("{2150E333-8FDC-42A3-9474-1A3956D46DE8}") = "Examples", "Examples", "{64470CD0-0C60-4DAE-A76B-3BE23DC3652F}"
EndProject
Project("{2150E333-8FDC-42A3-9474-1A3956D46DE8}") = "Gui", "Gui", "{FE9F9AA9-DD09-4D28-960E-020B44345710}"
EndProject
Project("{FAE04EC0-301F-11D3-BF4B-00C04F79EFBC}") = "OxyPlot", "oxyplot\Source\OxyPlot\OxyPlot.csproj", "{7A0B35C0-DD17-4964-8E9A-44D6CECDC692}"
EndProject
Project("{FAE04EC0-301F-11D3-BF4B-00C04F79EFBC}") = "OxyPlot.Wpf", "oxyplot\Source\OxyPlot.Wpf\OxyPlot.Wpf.csproj", "{698CCD8E-ADCC-4565-8517-5EDD36F07155}"
EndProject
Project("{FAE04EC0-301F-11D3-BF4B-00C04F79EFBC}") = "Retia.Gui", "Retia.Gui\Retia.Gui.csproj", "{EB0005DB-E481-43EA-9802-352BAE4B0526}"
EndProject
Project("{FAE04EC0-301F-11D3-BF4B-00C04F79EFBC}") = "SimpleExamples", "Examples\SimpleExamples\SimpleExamples.csproj", "{365D6BB6-B1B5-45D5-9AE8-3B0D66E18BE6}"
EndProject
Global
	GlobalSection(SolutionConfigurationPlatforms) = preSolution
		Debug [CPUOnly]|x64 = Debug [CPUOnly]|x64
		Debug|x64 = Debug|x64
		Release  [CPUOnly]|x64 = Release  [CPUOnly]|x64
		Release|x64 = Release|x64
	EndGlobalSection
	GlobalSection(ProjectConfigurationPlatforms) = postSolution
		{33DEF350-DA8A-406C-A134-1324033E05B7}.Debug [CPUOnly]|x64.ActiveCfg = Debug|x64
		{33DEF350-DA8A-406C-A134-1324033E05B7}.Debug [CPUOnly]|x64.Build.0 = Debug|x64
		{33DEF350-DA8A-406C-A134-1324033E05B7}.Debug|x64.ActiveCfg = Debug|x64
		{33DEF350-DA8A-406C-A134-1324033E05B7}.Debug|x64.Build.0 = Debug|x64
		{33DEF350-DA8A-406C-A134-1324033E05B7}.Release  [CPUOnly]|x64.ActiveCfg = Release|x64
		{33DEF350-DA8A-406C-A134-1324033E05B7}.Release  [CPUOnly]|x64.Build.0 = Release|x64
		{33DEF350-DA8A-406C-A134-1324033E05B7}.Release|x64.ActiveCfg = Release|x64
		{33DEF350-DA8A-406C-A134-1324033E05B7}.Release|x64.Build.0 = Release|x64
		{F983F8DD-C402-4504-9CBA-391655C6ABE9}.Debug [CPUOnly]|x64.ActiveCfg = Debug|x64
		{F983F8DD-C402-4504-9CBA-391655C6ABE9}.Debug|x64.ActiveCfg = Debug|x64
		{F983F8DD-C402-4504-9CBA-391655C6ABE9}.Release  [CPUOnly]|x64.ActiveCfg = Release|x64
		{F983F8DD-C402-4504-9CBA-391655C6ABE9}.Release|x64.ActiveCfg = Release|x64
		{D9562091-9CAA-4B3E-92A1-746642339F1F}.Debug [CPUOnly]|x64.ActiveCfg = Debug|x64
		{D9562091-9CAA-4B3E-92A1-746642339F1F}.Debug [CPUOnly]|x64.Build.0 = Debug|x64
		{D9562091-9CAA-4B3E-92A1-746642339F1F}.Debug|x64.ActiveCfg = Debug|x64
		{D9562091-9CAA-4B3E-92A1-746642339F1F}.Debug|x64.Build.0 = Debug|x64
		{D9562091-9CAA-4B3E-92A1-746642339F1F}.Release  [CPUOnly]|x64.ActiveCfg = Release|x64
		{D9562091-9CAA-4B3E-92A1-746642339F1F}.Release  [CPUOnly]|x64.Build.0 = Release|x64
		{D9562091-9CAA-4B3E-92A1-746642339F1F}.Release|x64.ActiveCfg = Release|x64
		{D9562091-9CAA-4B3E-92A1-746642339F1F}.Release|x64.Build.0 = Release|x64
		{389882C7-2B2D-498F-8266-15519540FCCE}.Debug [CPUOnly]|x64.ActiveCfg = Debug|x64
		{389882C7-2B2D-498F-8266-15519540FCCE}.Debug [CPUOnly]|x64.Build.0 = Debug|x64
		{389882C7-2B2D-498F-8266-15519540FCCE}.Debug|x64.ActiveCfg = Debug|x64
		{389882C7-2B2D-498F-8266-15519540FCCE}.Debug|x64.Build.0 = Debug|x64
		{389882C7-2B2D-498F-8266-15519540FCCE}.Release  [CPUOnly]|x64.ActiveCfg = Release|x64
		{389882C7-2B2D-498F-8266-15519540FCCE}.Release  [CPUOnly]|x64.Build.0 = Release|x64
		{389882C7-2B2D-498F-8266-15519540FCCE}.Release|x64.ActiveCfg = Release|x64
		{389882C7-2B2D-498F-8266-15519540FCCE}.Release|x64.Build.0 = Release|x64
		{80608848-F915-434C-A22C-62A2BB9DE046}.Debug [CPUOnly]|x64.ActiveCfg = Debug [CPUOnly]|x64
		{80608848-F915-434C-A22C-62A2BB9DE046}.Debug [CPUOnly]|x64.Build.0 = Debug [CPUOnly]|x64
		{80608848-F915-434C-A22C-62A2BB9DE046}.Debug|x64.ActiveCfg = Debug|x64
		{80608848-F915-434C-A22C-62A2BB9DE046}.Debug|x64.Build.0 = Debug|x64
		{80608848-F915-434C-A22C-62A2BB9DE046}.Release  [CPUOnly]|x64.ActiveCfg = Release [CPUOnly]|x64
		{80608848-F915-434C-A22C-62A2BB9DE046}.Release  [CPUOnly]|x64.Build.0 = Release [CPUOnly]|x64
		{80608848-F915-434C-A22C-62A2BB9DE046}.Release|x64.ActiveCfg = Release|x64
		{80608848-F915-434C-A22C-62A2BB9DE046}.Release|x64.Build.0 = Release|x64
		{6B721697-AAAE-465C-916F-17F7F06E78D3}.Debug [CPUOnly]|x64.ActiveCfg = Debug|x64
		{6B721697-AAAE-465C-916F-17F7F06E78D3}.Debug [CPUOnly]|x64.Build.0 = Debug|x64
		{6B721697-AAAE-465C-916F-17F7F06E78D3}.Debug|x64.ActiveCfg = Debug|x64
		{6B721697-AAAE-465C-916F-17F7F06E78D3}.Debug|x64.Build.0 = Debug|x64
		{6B721697-AAAE-465C-916F-17F7F06E78D3}.Release  [CPUOnly]|x64.ActiveCfg = Release|x64
		{6B721697-AAAE-465C-916F-17F7F06E78D3}.Release  [CPUOnly]|x64.Build.0 = Release|x64
		{6B721697-AAAE-465C-916F-17F7F06E78D3}.Release|x64.ActiveCfg = Release|x64
		{6B721697-AAAE-465C-916F-17F7F06E78D3}.Release|x64.Build.0 = Release|x64
		{987EE651-9A46-4012-89E2-3D8E952A2A2C}.Debug [CPUOnly]|x64.ActiveCfg = Debug [CPUOnly]|x64
		{987EE651-9A46-4012-89E2-3D8E952A2A2C}.Debug [CPUOnly]|x64.Build.0 = Debug [CPUOnly]|x64
		{987EE651-9A46-4012-89E2-3D8E952A2A2C}.Debug|x64.ActiveCfg = Debug|x64
		{987EE651-9A46-4012-89E2-3D8E952A2A2C}.Debug|x64.Build.0 = Debug|x64
		{987EE651-9A46-4012-89E2-3D8E952A2A2C}.Release  [CPUOnly]|x64.ActiveCfg = Release [CPUOnly]|x64
		{987EE651-9A46-4012-89E2-3D8E952A2A2C}.Release  [CPUOnly]|x64.Build.0 = Release [CPUOnly]|x64
		{987EE651-9A46-4012-89E2-3D8E952A2A2C}.Release|x64.ActiveCfg = Release|x64
		{987EE651-9A46-4012-89E2-3D8E952A2A2C}.Release|x64.Build.0 = Release|x64
		{F060879F-1DD8-4542-B916-14E6769BDDEA}.Debug [CPUOnly]|x64.ActiveCfg = Debug|x64
		{F060879F-1DD8-4542-B916-14E6769BDDEA}.Debug [CPUOnly]|x64.Build.0 = Debug|x64
		{F060879F-1DD8-4542-B916-14E6769BDDEA}.Debug|x64.ActiveCfg = Debug|x64
		{F060879F-1DD8-4542-B916-14E6769BDDEA}.Debug|x64.Build.0 = Debug|x64
		{F060879F-1DD8-4542-B916-14E6769BDDEA}.Release  [CPUOnly]|x64.ActiveCfg = Release|x64
		{F060879F-1DD8-4542-B916-14E6769BDDEA}.Release  [CPUOnly]|x64.Build.0 = Release|x64
		{F060879F-1DD8-4542-B916-14E6769BDDEA}.Release|x64.ActiveCfg = Release|x64
		{F060879F-1DD8-4542-B916-14E6769BDDEA}.Release|x64.Build.0 = Release|x64
		{FC6BD609-9533-433C-AA94-25059417103D}.Debug [CPUOnly]|x64.ActiveCfg = Debug [CPUOnly]|x64
		{FC6BD609-9533-433C-AA94-25059417103D}.Debug [CPUOnly]|x64.Build.0 = Debug [CPUOnly]|x64
		{FC6BD609-9533-433C-AA94-25059417103D}.Debug|x64.ActiveCfg = Debug|x64
		{FC6BD609-9533-433C-AA94-25059417103D}.Debug|x64.Build.0 = Debug|x64
		{FC6BD609-9533-433C-AA94-25059417103D}.Release  [CPUOnly]|x64.ActiveCfg = Release [CPUOnly]|x64
		{FC6BD609-9533-433C-AA94-25059417103D}.Release  [CPUOnly]|x64.Build.0 = Release [CPUOnly]|x64
		{FC6BD609-9533-433C-AA94-25059417103D}.Release|x64.ActiveCfg = Release|x64
		{FC6BD609-9533-433C-AA94-25059417103D}.Release|x64.Build.0 = Release|x64
		{A2AC454D-1806-44A7-A36B-59DAB41000C4}.Debug [CPUOnly]|x64.ActiveCfg = Debug|x64
		{A2AC454D-1806-44A7-A36B-59DAB41000C4}.Debug [CPUOnly]|x64.Build.0 = Debug|x64
		{A2AC454D-1806-44A7-A36B-59DAB41000C4}.Debug|x64.ActiveCfg = Debug|x64
		{A2AC454D-1806-44A7-A36B-59DAB41000C4}.Debug|x64.Build.0 = Debug|x64
		{A2AC454D-1806-44A7-A36B-59DAB41000C4}.Release  [CPUOnly]|x64.ActiveCfg = Release|x64
		{A2AC454D-1806-44A7-A36B-59DAB41000C4}.Release  [CPUOnly]|x64.Build.0 = Release|x64
		{A2AC454D-1806-44A7-A36B-59DAB41000C4}.Release|x64.ActiveCfg = Release|x64
		{A2AC454D-1806-44A7-A36B-59DAB41000C4}.Release|x64.Build.0 = Release|x64
		{7A0B35C0-DD17-4964-8E9A-44D6CECDC692}.Debug [CPUOnly]|x64.ActiveCfg = Debug|Any CPU
		{7A0B35C0-DD17-4964-8E9A-44D6CECDC692}.Debug [CPUOnly]|x64.Build.0 = Debug|Any CPU
		{7A0B35C0-DD17-4964-8E9A-44D6CECDC692}.Debug|x64.ActiveCfg = Debug|Any CPU
		{7A0B35C0-DD17-4964-8E9A-44D6CECDC692}.Debug|x64.Build.0 = Debug|Any CPU
		{7A0B35C0-DD17-4964-8E9A-44D6CECDC692}.Release  [CPUOnly]|x64.ActiveCfg = Release|Any CPU
		{7A0B35C0-DD17-4964-8E9A-44D6CECDC692}.Release  [CPUOnly]|x64.Build.0 = Release|Any CPU
		{7A0B35C0-DD17-4964-8E9A-44D6CECDC692}.Release|x64.ActiveCfg = Release|Any CPU
		{7A0B35C0-DD17-4964-8E9A-44D6CECDC692}.Release|x64.Build.0 = Release|Any CPU
		{698CCD8E-ADCC-4565-8517-5EDD36F07155}.Debug [CPUOnly]|x64.ActiveCfg = Debug|Any CPU
		{698CCD8E-ADCC-4565-8517-5EDD36F07155}.Debug [CPUOnly]|x64.Build.0 = Debug|Any CPU
		{698CCD8E-ADCC-4565-8517-5EDD36F07155}.Debug|x64.ActiveCfg = Debug|Any CPU
		{698CCD8E-ADCC-4565-8517-5EDD36F07155}.Debug|x64.Build.0 = Debug|Any CPU
		{698CCD8E-ADCC-4565-8517-5EDD36F07155}.Release  [CPUOnly]|x64.ActiveCfg = Release|Any CPU
		{698CCD8E-ADCC-4565-8517-5EDD36F07155}.Release  [CPUOnly]|x64.Build.0 = Release|Any CPU
		{698CCD8E-ADCC-4565-8517-5EDD36F07155}.Release|x64.ActiveCfg = Release|Any CPU
		{698CCD8E-ADCC-4565-8517-5EDD36F07155}.Release|x64.Build.0 = Release|Any CPU
		{EB0005DB-E481-43EA-9802-352BAE4B0526}.Debug [CPUOnly]|x64.ActiveCfg = Debug|x64
		{EB0005DB-E481-43EA-9802-352BAE4B0526}.Debug [CPUOnly]|x64.Build.0 = Debug|x64
		{EB0005DB-E481-43EA-9802-352BAE4B0526}.Debug|x64.ActiveCfg = Debug|x64
		{EB0005DB-E481-43EA-9802-352BAE4B0526}.Debug|x64.Build.0 = Debug|x64
		{EB0005DB-E481-43EA-9802-352BAE4B0526}.Release  [CPUOnly]|x64.ActiveCfg = Release|x64
		{EB0005DB-E481-43EA-9802-352BAE4B0526}.Release  [CPUOnly]|x64.Build.0 = Release|x64
		{EB0005DB-E481-43EA-9802-352BAE4B0526}.Release|x64.ActiveCfg = Release|x64
		{EB0005DB-E481-43EA-9802-352BAE4B0526}.Release|x64.Build.0 = Release|x64
		{365D6BB6-B1B5-45D5-9AE8-3B0D66E18BE6}.Debug [CPUOnly]|x64.ActiveCfg = Debug|x64
		{365D6BB6-B1B5-45D5-9AE8-3B0D66E18BE6}.Debug [CPUOnly]|x64.Build.0 = Debug|x64
		{365D6BB6-B1B5-45D5-9AE8-3B0D66E18BE6}.Debug|x64.ActiveCfg = Debug|x64
		{365D6BB6-B1B5-45D5-9AE8-3B0D66E18BE6}.Debug|x64.Build.0 = Debug|x64
		{365D6BB6-B1B5-45D5-9AE8-3B0D66E18BE6}.Release  [CPUOnly]|x64.ActiveCfg = Release|x64
		{365D6BB6-B1B5-45D5-9AE8-3B0D66E18BE6}.Release  [CPUOnly]|x64.Build.0 = Release|x64
		{365D6BB6-B1B5-45D5-9AE8-3B0D66E18BE6}.Release|x64.ActiveCfg = Release|x64
		{365D6BB6-B1B5-45D5-9AE8-3B0D66E18BE6}.Release|x64.Build.0 = Release|x64
	EndGlobalSection
	GlobalSection(SolutionProperties) = preSolution
		HideSolutionNode = FALSE
	EndGlobalSection
	GlobalSection(NestedProjects) = preSolution
		{F060879F-1DD8-4542-B916-14E6769BDDEA} = {64470CD0-0C60-4DAE-A76B-3BE23DC3652F}
		{7A0B35C0-DD17-4964-8E9A-44D6CECDC692} = {FE9F9AA9-DD09-4D28-960E-020B44345710}
		{698CCD8E-ADCC-4565-8517-5EDD36F07155} = {FE9F9AA9-DD09-4D28-960E-020B44345710}
		{EB0005DB-E481-43EA-9802-352BAE4B0526} = {FE9F9AA9-DD09-4D28-960E-020B44345710}
		{365D6BB6-B1B5-45D5-9AE8-3B0D66E18BE6} = {64470CD0-0C60-4DAE-A76B-3BE23DC3652F}
	EndGlobalSection
EndGlobal
