
Microsoft Visual Studio Solution File, Format Version 12.00
# Visual Studio 14
VisualStudioVersion = 14.0.25420.1
MinimumVisualStudioVersion = 10.0.40219.1
Project("{8BC9CEB8-8B4A-11D0-8D11-00A0C91BC942}") = "Retia.Cuda", "Retia.Cuda\Retia.Cuda.vcxproj", "{33DEF350-DA8A-406C-A134-1324033E05B7}"
EndProject
Project("{8BC9CEB8-8B4A-11D0-8D11-00A0C91BC942}") = "Retia.Cuda.Tests", "Retia.Cuda.Tests\Retia.Cuda.Tests.vcxproj", "{F983F8DD-C402-4504-9CBA-391655C6ABE9}"
EndProject
Project("{FAE04EC0-301F-11D3-BF4B-00C04F79EFBC}") = "Retia.Contracts", "Retia.Contracts\Retia.Contracts.csproj", "{D9562091-9CAA-4B3E-92A1-746642339F1F}"
EndProject
Project("{8BC9CEB8-8B4A-11D0-8D11-00A0C91BC942}") = "Retia.NativeWrapper", "Retia.NativeWrapper\Retia.NativeWrapper.vcxproj", "{389882C7-2B2D-498F-8266-15519540FCCE}"
	ProjectSection(ProjectDependencies) = postProject
		{33DEF350-DA8A-406C-A134-1324033E05B7} = {33DEF350-DA8A-406C-A134-1324033E05B7}
	EndProjectSection
EndProject
Project("{FAE04EC0-301F-11D3-BF4B-00C04F79EFBC}") = "Retia", "Retia\Retia.csproj", "{80608848-F915-434C-A22C-62A2BB9DE046}"
	ProjectSection(ProjectDependencies) = postProject
		{A2AC454D-1806-44A7-A36B-59DAB41000C4} = {A2AC454D-1806-44A7-A36B-59DAB41000C4}
	EndProjectSection
EndProject
Project("{FAE04EC0-301F-11D3-BF4B-00C04F79EFBC}") = "Retia.Genetic", "Retia.Genetic\Retia.Genetic.csproj", "{6B721697-AAAE-465C-916F-17F7F06E78D3}"
EndProject
Project("{FAE04EC0-301F-11D3-BF4B-00C04F79EFBC}") = "Retia.Tests", "Retia.Tests\Retia.Tests.csproj", "{987EE651-9A46-4012-89E2-3D8E952A2A2C}"
EndProject
Project("{FAE04EC0-301F-11D3-BF4B-00C04F79EFBC}") = "LanguageModel", "LanguageModel\LanguageModel.csproj", "{F060879F-1DD8-4542-B916-14E6769BDDEA}"
EndProject
Project("{FAE04EC0-301F-11D3-BF4B-00C04F79EFBC}") = "Benchmark", "Benchmark\Benchmark.csproj", "{FC6BD609-9533-433C-AA94-25059417103D}"
EndProject
Project("{2150E333-8FDC-42A3-9474-1A3956D46DE8}") = "Solution Items", "Solution Items", "{4E0B3C8E-C2AB-4202-A6E3-CA2F5AA76BAD}"
	ProjectSection(SolutionItems) = preProject
		Readme.md = Readme.md
	EndProjectSection
EndProject
Project("{8BC9CEB8-8B4A-11D0-8D11-00A0C91BC942}") = "FastFuncs", "FastFuncs\FastFuncs.vcxproj", "{A2AC454D-1806-44A7-A36B-59DAB41000C4}"
EndProject
Global
	GlobalSection(SolutionConfigurationPlatforms) = preSolution
		Debug|x64 = Debug|x64
		Debug|x86 = Debug|x86
		Release|x64 = Release|x64
		Release|x86 = Release|x86
	EndGlobalSection
	GlobalSection(ProjectConfigurationPlatforms) = postSolution
		{33DEF350-DA8A-406C-A134-1324033E05B7}.Debug|x64.ActiveCfg = Debug|x64
		{33DEF350-DA8A-406C-A134-1324033E05B7}.Debug|x64.Build.0 = Debug|x64
		{33DEF350-DA8A-406C-A134-1324033E05B7}.Debug|x86.ActiveCfg = Debug|x64
		{33DEF350-DA8A-406C-A134-1324033E05B7}.Release|x64.ActiveCfg = Release|x64
		{33DEF350-DA8A-406C-A134-1324033E05B7}.Release|x64.Build.0 = Release|x64
		{33DEF350-DA8A-406C-A134-1324033E05B7}.Release|x86.ActiveCfg = Release|x64
		{F983F8DD-C402-4504-9CBA-391655C6ABE9}.Debug|x64.ActiveCfg = Debug|x64
		{F983F8DD-C402-4504-9CBA-391655C6ABE9}.Debug|x64.Build.0 = Debug|x64
		{F983F8DD-C402-4504-9CBA-391655C6ABE9}.Debug|x86.ActiveCfg = Debug|x64
		{F983F8DD-C402-4504-9CBA-391655C6ABE9}.Release|x64.ActiveCfg = Release|x64
		{F983F8DD-C402-4504-9CBA-391655C6ABE9}.Release|x64.Build.0 = Release|x64
		{F983F8DD-C402-4504-9CBA-391655C6ABE9}.Release|x86.ActiveCfg = Release|x64
		{D9562091-9CAA-4B3E-92A1-746642339F1F}.Debug|x64.ActiveCfg = Debug|Any CPU
		{D9562091-9CAA-4B3E-92A1-746642339F1F}.Debug|x64.Build.0 = Debug|Any CPU
		{D9562091-9CAA-4B3E-92A1-746642339F1F}.Debug|x86.ActiveCfg = Debug|Any CPU
		{D9562091-9CAA-4B3E-92A1-746642339F1F}.Debug|x86.Build.0 = Debug|Any CPU
		{D9562091-9CAA-4B3E-92A1-746642339F1F}.Release|x64.ActiveCfg = Release|Any CPU
		{D9562091-9CAA-4B3E-92A1-746642339F1F}.Release|x64.Build.0 = Release|Any CPU
		{D9562091-9CAA-4B3E-92A1-746642339F1F}.Release|x86.ActiveCfg = Release|Any CPU
		{D9562091-9CAA-4B3E-92A1-746642339F1F}.Release|x86.Build.0 = Release|Any CPU
		{389882C7-2B2D-498F-8266-15519540FCCE}.Debug|x64.ActiveCfg = Debug|x64
		{389882C7-2B2D-498F-8266-15519540FCCE}.Debug|x64.Build.0 = Debug|x64
		{389882C7-2B2D-498F-8266-15519540FCCE}.Debug|x86.ActiveCfg = Debug|x64
		{389882C7-2B2D-498F-8266-15519540FCCE}.Release|x64.ActiveCfg = Release|x64
		{389882C7-2B2D-498F-8266-15519540FCCE}.Release|x64.Build.0 = Release|x64
		{389882C7-2B2D-498F-8266-15519540FCCE}.Release|x86.ActiveCfg = Release|x64
		{80608848-F915-434C-A22C-62A2BB9DE046}.Debug|x64.ActiveCfg = Debug|x64
		{80608848-F915-434C-A22C-62A2BB9DE046}.Debug|x64.Build.0 = Debug|x64
		{80608848-F915-434C-A22C-62A2BB9DE046}.Debug|x86.ActiveCfg = Debug|x64
		{80608848-F915-434C-A22C-62A2BB9DE046}.Release|x64.ActiveCfg = Release|x64
		{80608848-F915-434C-A22C-62A2BB9DE046}.Release|x64.Build.0 = Release|x64
		{80608848-F915-434C-A22C-62A2BB9DE046}.Release|x86.ActiveCfg = Release|x64
		{6B721697-AAAE-465C-916F-17F7F06E78D3}.Debug|x64.ActiveCfg = Debug|x64
		{6B721697-AAAE-465C-916F-17F7F06E78D3}.Debug|x64.Build.0 = Debug|x64
		{6B721697-AAAE-465C-916F-17F7F06E78D3}.Debug|x86.ActiveCfg = Debug|x64
		{6B721697-AAAE-465C-916F-17F7F06E78D3}.Release|x64.ActiveCfg = Release|x64
		{6B721697-AAAE-465C-916F-17F7F06E78D3}.Release|x64.Build.0 = Release|x64
		{6B721697-AAAE-465C-916F-17F7F06E78D3}.Release|x86.ActiveCfg = Release|x64
		{987EE651-9A46-4012-89E2-3D8E952A2A2C}.Debug|x64.ActiveCfg = Debug|x64
		{987EE651-9A46-4012-89E2-3D8E952A2A2C}.Debug|x64.Build.0 = Debug|x64
		{987EE651-9A46-4012-89E2-3D8E952A2A2C}.Debug|x86.ActiveCfg = Debug|x64
		{987EE651-9A46-4012-89E2-3D8E952A2A2C}.Release|x64.ActiveCfg = Release|x64
		{987EE651-9A46-4012-89E2-3D8E952A2A2C}.Release|x64.Build.0 = Release|x64
		{987EE651-9A46-4012-89E2-3D8E952A2A2C}.Release|x86.ActiveCfg = Release|x64
		{F060879F-1DD8-4542-B916-14E6769BDDEA}.Debug|x64.ActiveCfg = Debug|x64
		{F060879F-1DD8-4542-B916-14E6769BDDEA}.Debug|x64.Build.0 = Debug|x64
		{F060879F-1DD8-4542-B916-14E6769BDDEA}.Debug|x86.ActiveCfg = Debug|x64
		{F060879F-1DD8-4542-B916-14E6769BDDEA}.Release|x64.ActiveCfg = Release|x64
		{F060879F-1DD8-4542-B916-14E6769BDDEA}.Release|x64.Build.0 = Release|x64
		{F060879F-1DD8-4542-B916-14E6769BDDEA}.Release|x86.ActiveCfg = Release|x64
		{FC6BD609-9533-433C-AA94-25059417103D}.Debug|x64.ActiveCfg = Debug|x64
		{FC6BD609-9533-433C-AA94-25059417103D}.Debug|x64.Build.0 = Debug|x64
		{FC6BD609-9533-433C-AA94-25059417103D}.Debug|x86.ActiveCfg = Debug|x64
		{FC6BD609-9533-433C-AA94-25059417103D}.Release|x64.ActiveCfg = Release|x64
		{FC6BD609-9533-433C-AA94-25059417103D}.Release|x64.Build.0 = Release|x64
		{FC6BD609-9533-433C-AA94-25059417103D}.Release|x86.ActiveCfg = Release|x64
		{A2AC454D-1806-44A7-A36B-59DAB41000C4}.Debug|x64.ActiveCfg = Debug|x64
		{A2AC454D-1806-44A7-A36B-59DAB41000C4}.Debug|x64.Build.0 = Debug|x64
		{A2AC454D-1806-44A7-A36B-59DAB41000C4}.Debug|x86.ActiveCfg = Debug|Win32
		{A2AC454D-1806-44A7-A36B-59DAB41000C4}.Debug|x86.Build.0 = Debug|Win32
		{A2AC454D-1806-44A7-A36B-59DAB41000C4}.Release|x64.ActiveCfg = Release|x64
		{A2AC454D-1806-44A7-A36B-59DAB41000C4}.Release|x64.Build.0 = Release|x64
		{A2AC454D-1806-44A7-A36B-59DAB41000C4}.Release|x86.ActiveCfg = Release|Win32
		{A2AC454D-1806-44A7-A36B-59DAB41000C4}.Release|x86.Build.0 = Release|Win32
	EndGlobalSection
	GlobalSection(SolutionProperties) = preSolution
		HideSolutionNode = FALSE
	EndGlobalSection
EndGlobal
