<?xml version="1.0" encoding="utf-8"?>
<Project ToolsVersion="4.0" xmlns="http://schemas.microsoft.com/developer/msbuild/2003">
  <ItemGroup>
    <ClInclude Include="CudaHandle.h">
      <Filter>Header Files</Filter>
    </ClInclude>
    <ClInclude Include="CuDnnTensor.h">
      <Filter>Header Files</Filter>
    </ClInclude>
    <ClInclude Include="CudaMemoryBlock.h">
      <Filter>Header Files</Filter>
    </ClInclude>
    <ClInclude Include="Exceptions.h">
      <Filter>Header Files</Filter>
    </ClInclude>
    <ClInclude Include="LinearLayer.h">
      <Filter>Header Files</Filter>
    </ClInclude>
    <ClInclude Include="CudaContext.h">
      <Filter>Header Files</Filter>
    </ClInclude>
    <ClInclude Include="OptimizerBase.h">
      <Filter>Header Files</Filter>
    </ClInclude>
    <ClInclude Include="RMSPropOptimizer.h">
      <Filter>Header Files</Filter>
    </ClInclude>
    <ClInclude Include="GruLayer.h">
      <Filter>Header Files</Filter>
    </ClInclude>
    <ClInclude Include="SoftmaxLayer.h">
      <Filter>Header Files</Filter>
    </ClInclude>
    <ClInclude Include="LayeredNet.h">
      <Filter>Header Files</Filter>
    </ClInclude>
    <ClInclude Include="Matrix.h">
      <Filter>Header Files</Filter>
    </ClInclude>
    <ClInclude Include="Algorithms.h">
      <Filter>Header Files</Filter>
    </ClInclude>
    <ClInclude Include="Helpers.h">
      <Filter>Header Files</Filter>
    </ClInclude>
    <ClInclude Include="CApi.h">
      <Filter>Header Files</Filter>
    </ClInclude>
    <ClInclude Include="LayerBase.h">
      <Filter>Header Files</Filter>
    </ClInclude>
    <ClInclude Include="NeuroWeight.h">
      <Filter>Header Files</Filter>
    </ClInclude>
    <ClInclude Include="WeightSyncContainer.h">
      <Filter>Header Files</Filter>
    </ClInclude>
  </ItemGroup>
  <ItemGroup>
    <Filter Include="Header Files">
      <UniqueIdentifier>{9d90c1a9-5c42-4ae4-a698-6066c1a196ae}</UniqueIdentifier>
      <Extensions>h;hh;hpp;hxx;hm;inl;inc;xsd</Extensions>
    </Filter>
    <Filter Include="Source Files">
      <UniqueIdentifier>{93e1b579-c7c1-4962-930b-46415cfe7d04}</UniqueIdentifier>
      <Extensions>cpp;c;cc;cxx;def;odl;idl;hpj;bat;asm;asmx</Extensions>
    </Filter>
  </ItemGroup>
  <ItemGroup>
    <CudaCompile Include="LinearLayer.cu">
      <Filter>Source Files</Filter>
    </CudaCompile>
    <CudaCompile Include="RMSPropOptimizer.cu">
      <Filter>Source Files</Filter>
    </CudaCompile>
    <CudaCompile Include="GruLayer.cu">
      <Filter>Source Files</Filter>
    </CudaCompile>
    <CudaCompile Include="SoftmaxLayer.cu">
      <Filter>Source Files</Filter>
    </CudaCompile>
    <CudaCompile Include="LayeredNet.cu">
      <Filter>Source Files</Filter>
    </CudaCompile>
    <CudaCompile Include="CuDnnTensor.cu">
      <Filter>Source Files</Filter>
    </CudaCompile>
    <CudaCompile Include="CApi.cu">
      <Filter>Source Files</Filter>
    </CudaCompile>
    <CudaCompile Include="NeuroWeight.cu">
      <Filter>Source Files</Filter>
    </CudaCompile>
  </ItemGroup>
  <ItemGroup>
    <ClCompile Include="CudaContext.cpp">
      <Filter>Source Files</Filter>
    </ClCompile>
    <ClCompile Include="CudaHandle.cpp">
      <Filter>Source Files</Filter>
    </ClCompile>
    <ClCompile Include="CudaMemoryBlock.cpp">
      <Filter>Source Files</Filter>
    </ClCompile>
    <ClCompile Include="Exceptions.cpp">
      <Filter>Source Files</Filter>
    </ClCompile>
    <ClCompile Include="dllmain.cpp">
      <Filter>Source Files</Filter>
    </ClCompile>
  </ItemGroup>
  <ItemGroup>
    <None Include="Matrix.inl">
      <Filter>Source Files</Filter>
    </None>
  </ItemGroup>
</Project>